
Microsoft Visual Studio Solution File, Format Version 12.00
# Visual Studio Version 17
VisualStudioVersion = 17.3.32929.385
MinimumVisualStudioVersion = 10.0.40219.1
Project("{FAE04EC0-301F-11D3-BF4B-00C04F79EFBC}") = "AracimCom", "AracimCom\AracimCom.csproj", "{A8F5A76C-F84A-4DE3-B646-863FCF05D5F8}"
EndProject
Global
	GlobalSection(SolutionConfigurationPlatforms) = preSolution
		Debug|Any CPU = Debug|Any CPU
		Release|Any CPU = Release|Any CPU
	EndGlobalSection
	GlobalSection(ProjectConfigurationPlatforms) = postSolution
		{A8F5A76C-F84A-4DE3-B646-863FCF05D5F8}.Debug|Any CPU.ActiveCfg = Debug|Any CPU
		{A8F5A76C-F84A-4DE3-B646-863FCF05D5F8}.Debug|Any CPU.Build.0 = Debug|Any CPU
		{A8F5A76C-F84A-4DE3-B646-863FCF05D5F8}.Release|Any CPU.ActiveCfg = Release|Any CPU
		{A8F5A76C-F84A-4DE3-B646-863FCF05D5F8}.Release|Any CPU.Build.0 = Release|Any CPU
	EndGlobalSection
	GlobalSection(SolutionProperties) = preSolution
		HideSolutionNode = FALSE
	EndGlobalSection
	GlobalSection(ExtensibilityGlobals) = postSolution
		SolutionGuid = {DB186044-F43B-4285-904E-5C6DCB749E20}
	EndGlobalSection
EndGlobal
